<?xml version="1.0" encoding="UTF-8"?>
<Scheme
   LastUpgradeVersion = "1620"
   version = "1.7">
   <BuildAction
      parallelizeBuildables = "YES"
      buildImplicitDependencies = "YES"
      buildArchitectures = "Automatic">
      <BuildActionEntries>
         <BuildActionEntry
            buildForTesting = "YES"
            buildForRunning = "YES"
            buildForProfiling = "YES"
            buildForArchiving = "YES"
            buildForAnalyzing = "YES">
            <BuildableReference
               BuildableIdentifier = "primary"
               BlueprintIdentifier = "3688183D2D17924500BA57F4"
               BuildableName = "ccPositionManager.app"
               BlueprintName = "ccPositionManager"
               ReferencedContainer = "container:ccPositionManager.xcodeproj">
            </BuildableReference>
         </BuildActionEntry>
      </BuildActionEntries>
   </BuildAction>
   <TestAction
      buildConfiguration = "Debug"
      selectedDebuggerIdentifier = "Xcode.DebuggerFoundation.Debugger.LLDB"
      selectedLauncherIdentifier = "Xcode.DebuggerFoundation.Launcher.LLDB"
      shouldUseLaunchSchemeArgsEnv = "YES">
      <TestPlans>
         <TestPlanReference
            reference = "container:TestPlan.xctestplan"
            default = "YES">
         </TestPlanReference>
      </TestPlans>
      <Testables>
         <TestableReference
            skipped = "YES">
            <BuildableReference
               BuildableIdentifier = "primary"
               BlueprintIdentifier = "368818502D17924600BA57F4"
               BuildableName = "ccPositionManagerTests.xctest"
               BlueprintName = "ccPositionManagerTests"
               ReferencedContainer = "container:ccPositionManager.xcodeproj">
            </BuildableReference>
         </TestableReference>
         <TestableReference
            skipped = "YES">
            <BuildableReference
               BuildableIdentifier = "primary"
               BlueprintIdentifier = "3688185A2D17924600BA57F4"
               BuildableName = "ccPositionManagerUITests.xctest"
               BlueprintName = "ccPositionManagerUITests"
               ReferencedContainer = "container:ccPositionManager.xcodeproj">
            </BuildableReference>
            <SelectedTests>
               <Test
                  Identifier = "ccPositionManagerUITests/testExample()">
               </Test>
               <Test
                  Identifier = "ccPositionManagerUITests/testLaunchPerformance()">
               </Test>
               <Test
                  Identifier = "ccPositionManagerUITestsLaunchTests/testLaunch()">
               </Test>
            </SelectedTests>
         </TestableReference>
         <TestableReference
            skipped = "NO"
            parallelizable = "YES">
            <BuildableReference
               BuildableIdentifier = "primary"
               BlueprintIdentifier = "365D31EB2D3EB9A4001B7F37"
               BuildableName = "ccPositionManagerUnitTests.xctest"
               BlueprintName = "ccPositionManagerUnitTests"
               ReferencedContainer = "container:ccPositionManager.xcodeproj">
            </BuildableReference>
         </TestableReference>
      </Testables>
   </TestAction>
   <LaunchAction
      buildConfiguration = "Debug"
      selectedDebuggerIdentifier = "Xcode.DebuggerFoundation.Debugger.LLDB"
      selectedLauncherIdentifier = "Xcode.DebuggerFoundation.Launcher.LLDB"
      launchStyle = "0"
      useCustomWorkingDirectory = "NO"
      ignoresPersistentStateOnLaunch = "NO"
      debugDocumentVersioning = "YES"
      debugServiceExtension = "internal"
      allowLocationSimulation = "YES">
      <BuildableProductRunnable
         runnableDebuggingMode = "0">
         <BuildableReference
            BuildableIdentifier = "primary"
            BlueprintIdentifier = "3688183D2D17924500BA57F4"
            BuildableName = "ccPositionManager.app"
            BlueprintName = "ccPositionManager"
            ReferencedContainer = "container:ccPositionManager.xcodeproj">
         </BuildableReference>
      </BuildableProductRunnable>
   </LaunchAction>
   <ProfileAction
      buildConfiguration = "Release"
      shouldUseLaunchSchemeArgsEnv = "YES"
      savedToolIdentifier = ""
      useCustomWorkingDirectory = "NO"
      debugDocumentVersioning = "YES">
      <BuildableProductRunnable
         runnableDebuggingMode = "0">
         <BuildableReference
            BuildableIdentifier = "primary"
            BlueprintIdentifier = "3688183D2D17924500BA57F4"
            BuildableName = "ccPositionManager.app"
            BlueprintName = "ccPositionManager"
            ReferencedContainer = "container:ccPositionManager.xcodeproj">
         </BuildableReference>
      </BuildableProductRunnable>
   </ProfileAction>
   <AnalyzeAction
      buildConfiguration = "Debug">
   </AnalyzeAction>
   <ArchiveAction
      buildConfiguration = "Release"
      revealArchiveInOrganizer = "YES">
   </ArchiveAction>
</Scheme>
