// !$*UTF8*$!
{
	archiveVersion = 1;
	classes = {
	};
	objectVersion = 77;
	objects = {

/* Begin PBXBuildFile section */
		36DADAE72D2A37EE009C4E5D /* ccPositionManager.swift in Sources */ = {isa = PBXBuildFile; fileRef = 36DADAE42D2A37EE009C4E5D /* ccPositionManager.swift */; };
		36DADAEB2D2A3805009C4E5D /* ccPositionManagerTests.swift in Sources */ = {isa = PBXBuildFile; fileRef = 36DADAE82D2A3805009C4E5D /* ccPositionManagerTests.swift */; };
/* End PBXBuildFile section */

/* Begin PBXContainerItemProxy section */
		368818522D17924600BA57F4 /* PBXContainerItemProxy */ = {
			isa = PBXContainerItemProxy;
			containerPortal = 368818362D17924400BA57F4 /* Project object */;
			proxyType = 1;
			remoteGlobalIDString = 3688183D2D17924500BA57F4;
			remoteInfo = ccPositionManager;
		};
		3688185C2D17924600BA57F4 /* PBXContainerItemProxy */ = {
			isa = PBXContainerItemProxy;
			containerPortal = 368818362D17924400BA57F4 /* Project object */;
			proxyType = 1;
			remoteGlobalIDString = 3688183D2D17924500BA57F4;
			remoteInfo = ccPositionManager;
		};
/* End PBXContainerItemProxy section */

/* Begin PBXFileReference section */
		364D704C2D2A2EF700577390 /* README.md */ = {isa = PBXFileReference; lastKnownFileType = net.daringfireball.markdown; path = README.md; sourceTree = "<group>"; xcLanguageSpecificationIdentifier = xcode.lang.markdown; };
		3688183E2D17924500BA57F4 /* ccPositionManager.app */ = {isa = PBXFileReference; explicitFileType = wrapper.application; includeInIndex = 0; path = ccPositionManager.app; sourceTree = BUILT_PRODUCTS_DIR; };
		368818512D17924600BA57F4 /* ccPositionManagerTests.xctest */ = {isa = PBXFileReference; explicitFileType = wrapper.cfbundle; includeInIndex = 0; path = ccPositionManagerTests.xctest; sourceTree = BUILT_PRODUCTS_DIR; };
		3688185B2D17924600BA57F4 /* ccPositionManagerUITests.xctest */ = {isa = PBXFileReference; explicitFileType = wrapper.cfbundle; includeInIndex = 0; path = ccPositionManagerUITests.xctest; sourceTree = BUILT_PRODUCTS_DIR; };
		36DADAE42D2A37EE009C4E5D /* ccPositionManager.swift */ = {isa = PBXFileReference; lastKnownFileType = sourcecode.swift; path = ccPositionManager.swift; sourceTree = "<group>"; };
		36DADAE82D2A3805009C4E5D /* ccPositionManagerTests.swift */ = {isa = PBXFileReference; lastKnownFileType = sourcecode.swift; path = ccPositionManagerTests.swift; sourceTree = "<group>"; };
/* End PBXFileReference section */

/* Begin PBXFileSystemSynchronizedRootGroup section */
		368818402D17924500BA57F4 /* ccPositionManager */ = {
			isa = PBXFileSystemSynchronizedRootGroup;
			path = ccPositionManager;
			sourceTree = "<group>";
		};
		3688185E2D17924600BA57F4 /* ccPositionManagerUITests */ = {
			isa = PBXFileSystemSynchronizedRootGroup;
			path = ccPositionManagerUITests;
			sourceTree = "<group>";
		};
		36DADAF02D2A381D009C4E5D /* Models */ = {
			isa = PBXFileSystemSynchronizedRootGroup;
			path = Models;
			sourceTree = "<group>";
		};
/* End PBXFileSystemSynchronizedRootGroup section */

/* Begin PBXFrameworksBuildPhase section */
		3688183B2D17924500BA57F4 /* Frameworks */ = {
			isa = PBXFrameworksBuildPhase;
			buildActionMask = 2147483647;
			files = (
			);
			runOnlyForDeploymentPostprocessing = 0;
		};
		3688184E2D17924600BA57F4 /* Frameworks */ = {
			isa = PBXFrameworksBuildPhase;
			buildActionMask = 2147483647;
			files = (
			);
			runOnlyForDeploymentPostprocessing = 0;
		};
		368818582D17924600BA57F4 /* Frameworks */ = {
			isa = PBXFrameworksBuildPhase;
			buildActionMask = 2147483647;
			files = (
			);
			runOnlyForDeploymentPostprocessing = 0;
		};
/* End PBXFrameworksBuildPhase section */

/* Begin PBXGroup section */
		368818352D17924400BA57F4 = {
			isa = PBXGroup;
			children = (
				36DADAEA2D2A3805009C4E5D /* Tests */,
				36DADAE62D2A37EE009C4E5D /* Sources */,
				364D704C2D2A2EF700577390 /* README.md */,
				368818402D17924500BA57F4 /* ccPositionManager */,
				3688185E2D17924600BA57F4 /* ccPositionManagerUITests */,
				3688183F2D17924500BA57F4 /* Products */,
			);
			sourceTree = "<group>";
		};
		3688183F2D17924500BA57F4 /* Products */ = {
			isa = PBXGroup;
			children = (
				3688183E2D17924500BA57F4 /* ccPositionManager.app */,
				368818512D17924600BA57F4 /* ccPositionManagerTests.xctest */,
				3688185B2D17924600BA57F4 /* ccPositionManagerUITests.xctest */,
			);
			name = Products;
			sourceTree = "<group>";
		};
		36DADAE52D2A37EE009C4E5D /* ccPositionManager */ = {
			isa = PBXGroup;
			children = (
				36DADAE42D2A37EE009C4E5D /* ccPositionManager.swift */,
				36DADAF02D2A381D009C4E5D /* Models */,
			);
			path = ccPositionManager;
			sourceTree = "<group>";
		};
		36DADAE62D2A37EE009C4E5D /* Sources */ = {
			isa = PBXGroup;
			children = (
				36DADAE52D2A37EE009C4E5D /* ccPositionManager */,
			);
			path = Sources;
			sourceTree = "<group>";
		};
		36DADAE92D2A3805009C4E5D /* ccPositionManagerTests */ = {
			isa = PBXGroup;
			children = (
				36DADAE82D2A3805009C4E5D /* ccPositionManagerTests.swift */,
			);
			path = ccPositionManagerTests;
			sourceTree = "<group>";
		};
		36DADAEA2D2A3805009C4E5D /* Tests */ = {
			isa = PBXGroup;
			children = (
				36DADAE92D2A3805009C4E5D /* ccPositionManagerTests */,
			);
			path = Tests;
			sourceTree = "<group>";
		};
/* End PBXGroup section */

/* Begin PBXNativeTarget section */
		3688183D2D17924500BA57F4 /* ccPositionManager */ = {
			isa = PBXNativeTarget;
			buildConfigurationList = 368818652D17924600BA57F4 /* Build configuration list for PBXNativeTarget "ccPositionManager" */;
			buildPhases = (
				3688183A2D17924500BA57F4 /* Sources */,
				3688183B2D17924500BA57F4 /* Frameworks */,
				3688183C2D17924500BA57F4 /* Resources */,
			);
			buildRules = (
			);
			dependencies = (
			);
			fileSystemSynchronizedGroups = (
				368818402D17924500BA57F4 /* ccPositionManager */,
				36DADAF02D2A381D009C4E5D /* Models */,
			);
			name = ccPositionManager;
			packageProductDependencies = (
			);
			productName = ccPositionManager;
			productReference = 3688183E2D17924500BA57F4 /* ccPositionManager.app */;
			productType = "com.apple.product-type.application";
		};
		368818502D17924600BA57F4 /* ccPositionManagerTests */ = {
			isa = PBXNativeTarget;
			buildConfigurationList = 368818682D17924600BA57F4 /* Build configuration list for PBXNativeTarget "ccPositionManagerTests" */;
			buildPhases = (
				3688184D2D17924600BA57F4 /* Sources */,
				3688184E2D17924600BA57F4 /* Frameworks */,
				3688184F2D17924600BA57F4 /* Resources */,
			);
			buildRules = (
			);
			dependencies = (
				368818532D17924600BA57F4 /* PBXTargetDependency */,
			);
			name = ccPositionManagerTests;
			packageProductDependencies = (
			);
			productName = ccPositionManagerTests;
			productReference = 368818512D17924600BA57F4 /* ccPositionManagerTests.xctest */;
			productType = "com.apple.product-type.bundle.unit-test";
		};
		3688185A2D17924600BA57F4 /* ccPositionManagerUITests */ = {
			isa = PBXNativeTarget;
			buildConfigurationList = 3688186B2D17924600BA57F4 /* Build configuration list for PBXNativeTarget "ccPositionManagerUITests" */;
			buildPhases = (
				368818572D17924600BA57F4 /* Sources */,
				368818582D17924600BA57F4 /* Frameworks */,
				368818592D17924600BA57F4 /* Resources */,
			);
			buildRules = (
			);
			dependencies = (
				3688185D2D17924600BA57F4 /* PBXTargetDependency */,
			);
			fileSystemSynchronizedGroups = (
				3688185E2D17924600BA57F4 /* ccPositionManagerUITests */,
			);
			name = ccPositionManagerUITests;
			packageProductDependencies = (
			);
			productName = ccPositionManagerUITests;
			productReference = 3688185B2D17924600BA57F4 /* ccPositionManagerUITests.xctest */;
			productType = "com.apple.product-type.bundle.ui-testing";
		};
/* End PBXNativeTarget section */

/* Begin PBXProject section */
		368818362D17924400BA57F4 /* Project object */ = {
			isa = PBXProject;
			attributes = {
				BuildIndependentTargetsInParallel = 1;
				LastSwiftUpdateCheck = 1620;
				LastUpgradeCheck = 1620;
				TargetAttributes = {
					3688183D2D17924500BA57F4 = {
						CreatedOnToolsVersion = 16.2;
					};
					368818502D17924600BA57F4 = {
						CreatedOnToolsVersion = 16.2;
						TestTargetID = 3688183D2D17924500BA57F4;
					};
					3688185A2D17924600BA57F4 = {
						CreatedOnToolsVersion = 16.2;
						TestTargetID = 3688183D2D17924500BA57F4;
					};
				};
			};
			buildConfigurationList = 368818392D17924400BA57F4 /* Build configuration list for PBXProject "ccPositionManager" */;
			developmentRegion = en;
			hasScannedForEncodings = 0;
			knownRegions = (
				en,
				Base,
			);
			mainGroup = 368818352D17924400BA57F4;
			minimizedProjectReferenceProxies = 1;
			preferredProjectObjectVersion = 77;
			productRefGroup = 3688183F2D17924500BA57F4 /* Products */;
			projectDirPath = "";
			projectRoot = "";
			targets = (
				3688183D2D17924500BA57F4 /* ccPositionManager */,
				368818502D17924600BA57F4 /* ccPositionManagerTests */,
				3688185A2D17924600BA57F4 /* ccPositionManagerUITests */,
			);
		};
/* End PBXProject section */

/* Begin PBXResourcesBuildPhase section */
		3688183C2D17924500BA57F4 /* Resources */ = {
			isa = PBXResourcesBuildPhase;
			buildActionMask = 2147483647;
			files = (
			);
			runOnlyForDeploymentPostprocessing = 0;
		};
		3688184F2D17924600BA57F4 /* Resources */ = {
			isa = PBXResourcesBuildPhase;
			buildActionMask = 2147483647;
			files = (
			);
			runOnlyForDeploymentPostprocessing = 0;
		};
		368818592D17924600BA57F4 /* Resources */ = {
			isa = PBXResourcesBuildPhase;
			buildActionMask = 2147483647;
			files = (
			);
			runOnlyForDeploymentPostprocessing = 0;
		};
/* End PBXResourcesBuildPhase section */

/* Begin PBXSourcesBuildPhase section */
		3688183A2D17924500BA57F4 /* Sources */ = {
			isa = PBXSourcesBuildPhase;
			buildActionMask = 2147483647;
			files = (
				36DADAE72D2A37EE009C4E5D /* ccPositionManager.swift in Sources */,
			);
			runOnlyForDeploymentPostprocessing = 0;
		};
		3688184D2D17924600BA57F4 /* Sources */ = {
			isa = PBXSourcesBuildPhase;
			buildActionMask = 2147483647;
			files = (
				36DADAEB2D2A3805009C4E5D /* ccPositionManagerTests.swift in Sources */,
			);
			runOnlyForDeploymentPostprocessing = 0;
		};
		368818572D17924600BA57F4 /* Sources */ = {
			isa = PBXSourcesBuildPhase;
			buildActionMask = 2147483647;
			files = (
			);
			runOnlyForDeploymentPostprocessing = 0;
		};
/* End PBXSourcesBuildPhase section */

/* Begin PBXTargetDependency section */
		368818532D17924600BA57F4 /* PBXTargetDependency */ = {
			isa = PBXTargetDependency;
			target = 3688183D2D17924500BA57F4 /* ccPositionManager */;
			targetProxy = 368818522D17924600BA57F4 /* PBXContainerItemProxy */;
		};
		3688185D2D17924600BA57F4 /* PBXTargetDependency */ = {
			isa = PBXTargetDependency;
			target = 3688183D2D17924500BA57F4 /* ccPositionManager */;
			targetProxy = 3688185C2D17924600BA57F4 /* PBXContainerItemProxy */;
		};
/* End PBXTargetDependency section */

/* Begin XCBuildConfiguration section */
		368818632D17924600BA57F4 /* Debug */ = {
			isa = XCBuildConfiguration;
			buildSettings = {
				ALWAYS_SEARCH_USER_PATHS = NO;
				ASSETCATALOG_COMPILER_GENERATE_SWIFT_ASSET_SYMBOL_EXTENSIONS = YES;
				CLANG_ANALYZER_NONNULL = YES;
				CLANG_ANALYZER_NUMBER_OBJECT_CONVERSION = YES_AGGRESSIVE;
				CLANG_CXX_LANGUAGE_STANDARD = "gnu++20";
				CLANG_ENABLE_MODULES = YES;
				CLANG_ENABLE_OBJC_ARC = YES;
				CLANG_ENABLE_OBJC_WEAK = YES;
				CLANG_WARN_BLOCK_CAPTURE_AUTORELEASING = YES;
				CLANG_WARN_BOOL_CONVERSION = YES;
				CLANG_WARN_COMMA = YES;
				CLANG_WARN_CONSTANT_CONVERSION = YES;
				CLANG_WARN_DEPRECATED_OBJC_IMPLEMENTATIONS = YES;
				CLANG_WARN_DIRECT_OBJC_ISA_USAGE = YES_ERROR;
				CLANG_WARN_DOCUMENTATION_COMMENTS = YES;
				CLANG_WARN_EMPTY_BODY = YES;
				CLANG_WARN_ENUM_CONVERSION = YES;
				CLANG_WARN_INFINITE_RECURSION = YES;
				CLANG_WARN_INT_CONVERSION = YES;
				CLANG_WARN_NON_LITERAL_NULL_CONVERSION = YES;
				CLANG_WARN_OBJC_IMPLICIT_RETAIN_SELF = YES;
				CLANG_WARN_OBJC_LITERAL_CONVERSION = YES;
				CLANG_WARN_OBJC_ROOT_CLASS = YES_ERROR;
				CLANG_WARN_QUOTED_INCLUDE_IN_FRAMEWORK_HEADER = YES;
				CLANG_WARN_RANGE_LOOP_ANALYSIS = YES;
				CLANG_WARN_STRICT_PROTOTYPES = YES;
				CLANG_WARN_SUSPICIOUS_MOVE = YES;
				CLANG_WARN_UNGUARDED_AVAILABILITY = YES_AGGRESSIVE;
				CLANG_WARN_UNREACHABLE_CODE = YES;
				CLANG_WARN__DUPLICATE_METHOD_MATCH = YES;
				COPY_PHASE_STRIP = NO;
				DEBUG_INFORMATION_FORMAT = dwarf;
				ENABLE_STRICT_OBJC_MSGSEND = YES;
				ENABLE_TESTABILITY = YES;
				ENABLE_USER_SCRIPT_SANDBOXING = YES;
				GCC_C_LANGUAGE_STANDARD = gnu17;
				GCC_DYNAMIC_NO_PIC = NO;
				GCC_NO_COMMON_BLOCKS = YES;
				GCC_OPTIMIZATION_LEVEL = 0;
				GCC_PREPROCESSOR_DEFINITIONS = (
					"DEBUG=1",
					"$(inherited)",
				);
				GCC_WARN_64_TO_32_BIT_CONVERSION = YES;
				GCC_WARN_ABOUT_RETURN_TYPE = YES_ERROR;
				GCC_WARN_UNDECLARED_SELECTOR = YES;
				GCC_WARN_UNINITIALIZED_AUTOS = YES_AGGRESSIVE;
				GCC_WARN_UNUSED_FUNCTION = YES;
				GCC_WARN_UNUSED_VARIABLE = YES;
				LOCALIZATION_PREFERS_STRING_CATALOGS = YES;
				MTL_ENABLE_DEBUG_INFO = INCLUDE_SOURCE;
				MTL_FAST_MATH = YES;
				ONLY_ACTIVE_ARCH = YES;
				SWIFT_ACTIVE_COMPILATION_CONDITIONS = "DEBUG $(inherited)";
				SWIFT_OPTIMIZATION_LEVEL = "-Onone";
			};
			name = Debug;
		};
		368818642D17924600BA57F4 /* Release */ = {
			isa = XCBuildConfiguration;
			buildSettings = {
				ALWAYS_SEARCH_USER_PATHS = NO;
				ASSETCATALOG_COMPILER_GENERATE_SWIFT_ASSET_SYMBOL_EXTENSIONS = YES;
				CLANG_ANALYZER_NONNULL = YES;
				CLANG_ANALYZER_NUMBER_OBJECT_CONVERSION = YES_AGGRESSIVE;
				CLANG_CXX_LANGUAGE_STANDARD = "gnu++20";
				CLANG_ENABLE_MODULES = YES;
				CLANG_ENABLE_OBJC_ARC = YES;
				CLANG_ENABLE_OBJC_WEAK = YES;
				CLANG_WARN_BLOCK_CAPTURE_AUTORELEASING = YES;
				CLANG_WARN_BOOL_CONVERSION = YES;
				CLANG_WARN_COMMA = YES;
				CLANG_WARN_CONSTANT_CONVERSION = YES;
				CLANG_WARN_DEPRECATED_OBJC_IMPLEMENTATIONS = YES;
				CLANG_WARN_DIRECT_OBJC_ISA_USAGE = YES_ERROR;
				CLANG_WARN_DOCUMENTATION_COMMENTS = YES;
				CLANG_WARN_EMPTY_BODY = YES;
				CLANG_WARN_ENUM_CONVERSION = YES;
				CLANG_WARN_INFINITE_RECURSION = YES;
				CLANG_WARN_INT_CONVERSION = YES;
				CLANG_WARN_NON_LITERAL_NULL_CONVERSION = YES;
				CLANG_WARN_OBJC_IMPLICIT_RETAIN_SELF = YES;
				CLANG_WARN_OBJC_LITERAL_CONVERSION = YES;
				CLANG_WARN_OBJC_ROOT_CLASS = YES_ERROR;
				CLANG_WARN_QUOTED_INCLUDE_IN_FRAMEWORK_HEADER = YES;
				CLANG_WARN_RANGE_LOOP_ANALYSIS = YES;
				CLANG_WARN_STRICT_PROTOTYPES = YES;
				CLANG_WARN_SUSPICIOUS_MOVE = YES;
				CLANG_WARN_UNGUARDED_AVAILABILITY = YES_AGGRESSIVE;
				CLANG_WARN_UNREACHABLE_CODE = YES;
				CLANG_WARN__DUPLICATE_METHOD_MATCH = YES;
				COPY_PHASE_STRIP = NO;
				DEBUG_INFORMATION_FORMAT = "dwarf-with-dsym";
				ENABLE_NS_ASSERTIONS = NO;
				ENABLE_STRICT_OBJC_MSGSEND = YES;
				ENABLE_USER_SCRIPT_SANDBOXING = YES;
				GCC_C_LANGUAGE_STANDARD = gnu17;
				GCC_NO_COMMON_BLOCKS = YES;
				GCC_WARN_64_TO_32_BIT_CONVERSION = YES;
				GCC_WARN_ABOUT_RETURN_TYPE = YES_ERROR;
				GCC_WARN_UNDECLARED_SELECTOR = YES;
				GCC_WARN_UNINITIALIZED_AUTOS = YES_AGGRESSIVE;
				GCC_WARN_UNUSED_FUNCTION = YES;
				GCC_WARN_UNUSED_VARIABLE = YES;
				LOCALIZATION_PREFERS_STRING_CATALOGS = YES;
				MTL_ENABLE_DEBUG_INFO = NO;
				MTL_FAST_MATH = YES;
				SWIFT_COMPILATION_MODE = wholemodule;
			};
			name = Release;
		};
		368818662D17924600BA57F4 /* Debug */ = {
			isa = XCBuildConfiguration;
			buildSettings = {
				ASSETCATALOG_COMPILER_APPICON_NAME = AppIcon;
				ASSETCATALOG_COMPILER_GLOBAL_ACCENT_COLOR_NAME = AccentColor;
				CODE_SIGN_ENTITLEMENTS = ccPositionManager/ccPositionManager.entitlements;
				CODE_SIGN_STYLE = Automatic;
				CURRENT_PROJECT_VERSION = 1;
				DEVELOPMENT_ASSET_PATHS = "\"ccPositionManager/Preview Content\"";
				ENABLE_PREVIEWS = YES;
				GENERATE_INFOPLIST_FILE = YES;
				"INFOPLIST_KEY_UIApplicationSceneManifest_Generation[sdk=iphoneos*]" = YES;
				"INFOPLIST_KEY_UIApplicationSceneManifest_Generation[sdk=iphonesimulator*]" = YES;
				"INFOPLIST_KEY_UIApplicationSupportsIndirectInputEvents[sdk=iphoneos*]" = YES;
				"INFOPLIST_KEY_UIApplicationSupportsIndirectInputEvents[sdk=iphonesimulator*]" = YES;
				"INFOPLIST_KEY_UILaunchScreen_Generation[sdk=iphoneos*]" = YES;
				"INFOPLIST_KEY_UILaunchScreen_Generation[sdk=iphonesimulator*]" = YES;
				"INFOPLIST_KEY_UIStatusBarStyle[sdk=iphoneos*]" = UIStatusBarStyleDefault;
				"INFOPLIST_KEY_UIStatusBarStyle[sdk=iphonesimulator*]" = UIStatusBarStyleDefault;
				INFOPLIST_KEY_UISupportedInterfaceOrientations_iPad = "UIInterfaceOrientationPortrait UIInterfaceOrientationPortraitUpsideDown UIInterfaceOrientationLandscapeLeft UIInterfaceOrientationLandscapeRight";
				INFOPLIST_KEY_UISupportedInterfaceOrientations_iPhone = "UIInterfaceOrientationPortrait UIInterfaceOrientationLandscapeLeft UIInterfaceOrientationLandscapeRight";
				IPHONEOS_DEPLOYMENT_TARGET = 18.2;
				LD_RUNPATH_SEARCH_PATHS = "@executable_path/Frameworks";
				"LD_RUNPATH_SEARCH_PATHS[sdk=macosx*]" = "@executable_path/../Frameworks";
				MACOSX_DEPLOYMENT_TARGET = 14.0;
				MARKETING_VERSION = 1.0;
				PRODUCT_BUNDLE_IDENTIFIER = creacominc.ccPositionManager;
				PRODUCT_NAME = "$(TARGET_NAME)";
				SDKROOT = auto;
				SUPPORTED_PLATFORMS = "iphoneos iphonesimulator macosx xros xrsimulator";
				SWIFT_EMIT_LOC_STRINGS = YES;
				SWIFT_VERSION = 5.0;
				TARGETED_DEVICE_FAMILY = "1,2,7";
				XROS_DEPLOYMENT_TARGET = 2.2;
			};
			name = Debug;
		};
		368818672D17924600BA57F4 /* Release */ = {
			isa = XCBuildConfiguration;
			buildSettings = {
				ASSETCATALOG_COMPILER_APPICON_NAME = AppIcon;
				ASSETCATALOG_COMPILER_GLOBAL_ACCENT_COLOR_NAME = AccentColor;
				CODE_SIGN_ENTITLEMENTS = ccPositionManager/ccPositionManager.entitlements;
				CODE_SIGN_STYLE = Automatic;
				CURRENT_PROJECT_VERSION = 1;
				DEVELOPMENT_ASSET_PATHS = "\"ccPositionManager/Preview Content\"";
				ENABLE_PREVIEWS = YES;
				GENERATE_INFOPLIST_FILE = YES;
				"INFOPLIST_KEY_UIApplicationSceneManifest_Generation[sdk=iphoneos*]" = YES;
				"INFOPLIST_KEY_UIApplicationSceneManifest_Generation[sdk=iphonesimulator*]" = YES;
				"INFOPLIST_KEY_UIApplicationSupportsIndirectInputEvents[sdk=iphoneos*]" = YES;
				"INFOPLIST_KEY_UIApplicationSupportsIndirectInputEvents[sdk=iphonesimulator*]" = YES;
				"INFOPLIST_KEY_UILaunchScreen_Generation[sdk=iphoneos*]" = YES;
				"INFOPLIST_KEY_UILaunchScreen_Generation[sdk=iphonesimulator*]" = YES;
				"INFOPLIST_KEY_UIStatusBarStyle[sdk=iphoneos*]" = UIStatusBarStyleDefault;
				"INFOPLIST_KEY_UIStatusBarStyle[sdk=iphonesimulator*]" = UIStatusBarStyleDefault;
				INFOPLIST_KEY_UISupportedInterfaceOrientations_iPad = "UIInterfaceOrientationPortrait UIInterfaceOrientationPortraitUpsideDown UIInterfaceOrientationLandscapeLeft UIInterfaceOrientationLandscapeRight";
				INFOPLIST_KEY_UISupportedInterfaceOrientations_iPhone = "UIInterfaceOrientationPortrait UIInterfaceOrientationLandscapeLeft UIInterfaceOrientationLandscapeRight";
				IPHONEOS_DEPLOYMENT_TARGET = 18.2;
				LD_RUNPATH_SEARCH_PATHS = "@executable_path/Frameworks";
				"LD_RUNPATH_SEARCH_PATHS[sdk=macosx*]" = "@executable_path/../Frameworks";
				MACOSX_DEPLOYMENT_TARGET = 14.0;
				MARKETING_VERSION = 1.0;
				PRODUCT_BUNDLE_IDENTIFIER = creacominc.ccPositionManager;
				PRODUCT_NAME = "$(TARGET_NAME)";
				SDKROOT = auto;
				SUPPORTED_PLATFORMS = "iphoneos iphonesimulator macosx xros xrsimulator";
				SWIFT_EMIT_LOC_STRINGS = YES;
				SWIFT_VERSION = 5.0;
				TARGETED_DEVICE_FAMILY = "1,2,7";
				XROS_DEPLOYMENT_TARGET = 2.2;
			};
			name = Release;
		};
		368818692D17924600BA57F4 /* Debug */ = {
			isa = XCBuildConfiguration;
			buildSettings = {
				BUNDLE_LOADER = "$(TEST_HOST)";
				CODE_SIGN_STYLE = Automatic;
				CURRENT_PROJECT_VERSION = 1;
				GENERATE_INFOPLIST_FILE = YES;
				IPHONEOS_DEPLOYMENT_TARGET = 18.2;
				MACOSX_DEPLOYMENT_TARGET = 15.2;
				MARKETING_VERSION = 1.0;
				PRODUCT_BUNDLE_IDENTIFIER = creacominc.ccPositionManagerTests;
				PRODUCT_NAME = "$(TARGET_NAME)";
				SDKROOT = auto;
				SUPPORTED_PLATFORMS = "iphoneos iphonesimulator macosx xros xrsimulator";
				SWIFT_EMIT_LOC_STRINGS = NO;
				SWIFT_VERSION = 5.0;
				TARGETED_DEVICE_FAMILY = "1,2,7";
				TEST_HOST = "$(BUILT_PRODUCTS_DIR)/ccPositionManager.app/$(BUNDLE_EXECUTABLE_FOLDER_PATH)/ccPositionManager";
				XROS_DEPLOYMENT_TARGET = 2.2;
			};
			name = Debug;
		};
		3688186A2D17924600BA57F4 /* Release */ = {
			isa = XCBuildConfiguration;
			buildSettings = {
				BUNDLE_LOADER = "$(TEST_HOST)";
				CODE_SIGN_STYLE = Automatic;
				CURRENT_PROJECT_VERSION = 1;
				GENERATE_INFOPLIST_FILE = YES;
				IPHONEOS_DEPLOYMENT_TARGET = 18.2;
				MACOSX_DEPLOYMENT_TARGET = 15.2;
				MARKETING_VERSION = 1.0;
				PRODUCT_BUNDLE_IDENTIFIER = creacominc.ccPositionManagerTests;
				PRODUCT_NAME = "$(TARGET_NAME)";
				SDKROOT = auto;
				SUPPORTED_PLATFORMS = "iphoneos iphonesimulator macosx xros xrsimulator";
				SWIFT_EMIT_LOC_STRINGS = NO;
				SWIFT_VERSION = 5.0;
				TARGETED_DEVICE_FAMILY = "1,2,7";
				TEST_HOST = "$(BUILT_PRODUCTS_DIR)/ccPositionManager.app/$(BUNDLE_EXECUTABLE_FOLDER_PATH)/ccPositionManager";
				XROS_DEPLOYMENT_TARGET = 2.2;
			};
			name = Release;
		};
		3688186C2D17924600BA57F4 /* Debug */ = {
			isa = XCBuildConfiguration;
			buildSettings = {
				CODE_SIGN_STYLE = Automatic;
				CURRENT_PROJECT_VERSION = 1;
				GENERATE_INFOPLIST_FILE = YES;
				IPHONEOS_DEPLOYMENT_TARGET = 18.2;
				MACOSX_DEPLOYMENT_TARGET = 15.2;
				MARKETING_VERSION = 1.0;
				PRODUCT_BUNDLE_IDENTIFIER = creacominc.ccPositionManagerUITests;
				PRODUCT_NAME = "$(TARGET_NAME)";
				SDKROOT = auto;
				SUPPORTED_PLATFORMS = "iphoneos iphonesimulator macosx xros xrsimulator";
				SWIFT_EMIT_LOC_STRINGS = NO;
				SWIFT_VERSION = 5.0;
				TARGETED_DEVICE_FAMILY = "1,2,7";
				TEST_TARGET_NAME = ccPositionManager;
				XROS_DEPLOYMENT_TARGET = 2.2;
			};
			name = Debug;
		};
		3688186D2D17924600BA57F4 /* Release */ = {
			isa = XCBuildConfiguration;
			buildSettings = {
				CODE_SIGN_STYLE = Automatic;
				CURRENT_PROJECT_VERSION = 1;
				GENERATE_INFOPLIST_FILE = YES;
				IPHONEOS_DEPLOYMENT_TARGET = 18.2;
				MACOSX_DEPLOYMENT_TARGET = 15.2;
				MARKETING_VERSION = 1.0;
				PRODUCT_BUNDLE_IDENTIFIER = creacominc.ccPositionManagerUITests;
				PRODUCT_NAME = "$(TARGET_NAME)";
				SDKROOT = auto;
				SUPPORTED_PLATFORMS = "iphoneos iphonesimulator macosx xros xrsimulator";
				SWIFT_EMIT_LOC_STRINGS = NO;
				SWIFT_VERSION = 5.0;
				TARGETED_DEVICE_FAMILY = "1,2,7";
				TEST_TARGET_NAME = ccPositionManager;
				XROS_DEPLOYMENT_TARGET = 2.2;
			};
			name = Release;
		};
/* End XCBuildConfiguration section */

/* Begin XCConfigurationList section */
		368818392D17924400BA57F4 /* Build configuration list for PBXProject "ccPositionManager" */ = {
			isa = XCConfigurationList;
			buildConfigurations = (
				368818632D17924600BA57F4 /* Debug */,
				368818642D17924600BA57F4 /* Release */,
			);
			defaultConfigurationIsVisible = 0;
			defaultConfigurationName = Release;
		};
		368818652D17924600BA57F4 /* Build configuration list for PBXNativeTarget "ccPositionManager" */ = {
			isa = XCConfigurationList;
			buildConfigurations = (
				368818662D17924600BA57F4 /* Debug */,
				368818672D17924600BA57F4 /* Release */,
			);
			defaultConfigurationIsVisible = 0;
			defaultConfigurationName = Release;
		};
		368818682D17924600BA57F4 /* Build configuration list for PBXNativeTarget "ccPositionManagerTests" */ = {
			isa = XCConfigurationList;
			buildConfigurations = (
				368818692D17924600BA57F4 /* Debug */,
				3688186A2D17924600BA57F4 /* Release */,
			);
			defaultConfigurationIsVisible = 0;
			defaultConfigurationName = Release;
		};
		3688186B2D17924600BA57F4 /* Build configuration list for PBXNativeTarget "ccPositionManagerUITests" */ = {
			isa = XCConfigurationList;
			buildConfigurations = (
				3688186C2D17924600BA57F4 /* Debug */,
				3688186D2D17924600BA57F4 /* Release */,
			);
			defaultConfigurationIsVisible = 0;
			defaultConfigurationName = Release;
		};
/* End XCConfigurationList section */
	};
	rootObject = 368818362D17924400BA57F4 /* Project object */;
}
